
Microsoft Visual Studio Solution File, Format Version 12.00
# Visual Studio Version 17
VisualStudioVersion = 17.3.32901.215
MinimumVisualStudioVersion = 10.0.40219.1
Project("{9A19103F-16F7-4668-BE54-9A1E7A4F7556}") = "TrainWebApp", "TrainWebApp\TrainWebApp.csproj", "{B4EFE8CB-A934-4289-B6B0-568C8603F1E8}"
EndProject
Project("{9A19103F-16F7-4668-BE54-9A1E7A4F7556}") = "TrainWatchSystem", "TrainWatchLibrary\TrainWatchSystem.csproj", "{37CA182F-9D4D-4CF9-89C4-161A954E277E}"
EndProject
Global
	GlobalSection(SolutionConfigurationPlatforms) = preSolution
		Debug|Any CPU = Debug|Any CPU
		Release|Any CPU = Release|Any CPU
	EndGlobalSection
	GlobalSection(ProjectConfigurationPlatforms) = postSolution
		{B4EFE8CB-A934-4289-B6B0-568C8603F1E8}.Debug|Any CPU.ActiveCfg = Debug|Any CPU
		{B4EFE8CB-A934-4289-B6B0-568C8603F1E8}.Debug|Any CPU.Build.0 = Debug|Any CPU
		{B4EFE8CB-A934-4289-B6B0-568C8603F1E8}.Release|Any CPU.ActiveCfg = Release|Any CPU
		{B4EFE8CB-A934-4289-B6B0-568C8603F1E8}.Release|Any CPU.Build.0 = Release|Any CPU
		{37CA182F-9D4D-4CF9-89C4-161A954E277E}.Debug|Any CPU.ActiveCfg = Debug|Any CPU
		{37CA182F-9D4D-4CF9-89C4-161A954E277E}.Debug|Any CPU.Build.0 = Debug|Any CPU
		{37CA182F-9D4D-4CF9-89C4-161A954E277E}.Release|Any CPU.ActiveCfg = Release|Any CPU
		{37CA182F-9D4D-4CF9-89C4-161A954E277E}.Release|Any CPU.Build.0 = Release|Any CPU
	EndGlobalSection
	GlobalSection(SolutionProperties) = preSolution
		HideSolutionNode = FALSE
	EndGlobalSection
	GlobalSection(ExtensibilityGlobals) = postSolution
		SolutionGuid = {6BEFE7CB-AB97-40A5-9F18-510BD6C42815}
	EndGlobalSection
EndGlobal
